<?xml version="1.0" encoding="utf-8"?>
<Project ToolsVersion="4.0" xmlns="http://schemas.microsoft.com/developer/msbuild/2003">
  <ItemGroup>
    <Filter Include="源文件">
      <UniqueIdentifier>{4FC737F1-C7A5-4376-A066-2A32D752A2FF}</UniqueIdentifier>
      <Extensions>cpp;c;cc;cxx;def;odl;idl;hpj;bat;asm;asmx</Extensions>
    </Filter>
    <Filter Include="头文件">
      <UniqueIdentifier>{93995380-89BD-4b04-88EB-625FBE52EBFB}</UniqueIdentifier>
      <Extensions>h;hpp;hxx;hm;inl;inc;xsd</Extensions>
    </Filter>
    <Filter Include="资源文件">
      <UniqueIdentifier>{67DA6AB6-F800-4c08-8B7A-83BB121AAD01}</UniqueIdentifier>
      <Extensions>rc;ico;cur;bmp;dlg;rc2;rct;bin;rgs;gif;jpg;jpeg;jpe;resx;tiff;tif;png;wav</Extensions>
    </Filter>
  </ItemGroup>
  <ItemGroup>
    <ClCompile Include="AnimationShow.cpp">
      <Filter>源文件</Filter>
    </ClCompile>
    <ClCompile Include="LayeredWnd.cpp">
      <Filter>源文件</Filter>
    </ClCompile>
    <ClCompile Include="MainWindow.cpp">
      <Filter>源文件</Filter>
    </ClCompile>
    <ClCompile Include="SnowWindow.cpp">
      <Filter>源文件</Filter>
    </ClCompile>
    <ClCompile Include="stdafx.cpp">
      <Filter>源文件</Filter>
    </ClCompile>
  </ItemGroup>
  <ItemGroup>
    <ClInclude Include="AnimationShow.h">
      <Filter>头文件</Filter>
    </ClInclude>
    <ClInclude Include="Global.h">
      <Filter>头文件</Filter>
    </ClInclude>
    <ClInclude Include="LayeredWnd.h">
      <Filter>头文件</Filter>
    </ClInclude>
    <ClInclude Include="MainWindow.h">
      <Filter>头文件</Filter>
    </ClInclude>
    <ClInclude Include="Resource.h">
      <Filter>头文件</Filter>
    </ClInclude>
    <ClInclude Include="SnowWindow.h">
      <Filter>头文件</Filter>
    </ClInclude>
    <ClInclude Include="stdafx.h">
      <Filter>头文件</Filter>
    </ClInclude>
  </ItemGroup>
  <ItemGroup>
    <Image Include="res\AnimationShow.ico">
      <Filter>资源文件</Filter>
    </Image>
    <Image Include="res\back.png">
      <Filter>资源文件</Filter>
    </Image>
    <Image Include="res\Rabbit01.png">
      <Filter>资源文件</Filter>
    </Image>
    <Image Include="res\Rabbit02.png">
      <Filter>资源文件</Filter>
    </Image>
    <Image Include="res\Rabbit03.png">
      <Filter>资源文件</Filter>
    </Image>
    <Image Include="res\Rabbit04.png">
      <Filter>资源文件</Filter>
    </Image>
    <Image Include="res\Rabbit05.png">
      <Filter>资源文件</Filter>
    </Image>
    <Image Include="res\Rabbit06.png">
      <Filter>资源文件</Filter>
    </Image>
    <Image Include="res\Rabbit07.png">
      <Filter>资源文件</Filter>
    </Image>
    <Image Include="res\Rabbit08.png">
      <Filter>资源文件</Filter>
    </Image>
    <Image Include="res\Rabbit09.png">
      <Filter>资源文件</Filter>
    </Image>
    <Image Include="res\Rabbit10.png">
      <Filter>资源文件</Filter>
    </Image>
    <Image Include="res\Snow01.png">
      <Filter>资源文件</Filter>
    </Image>
    <Image Include="res\Snow02.png">
      <Filter>资源文件</Filter>
    </Image>
    <Image Include="res\Snow03.png">
      <Filter>资源文件</Filter>
    </Image>
    <Image Include="res\Snow04.png">
      <Filter>资源文件</Filter>
    </Image>
    <Image Include="res\Snow05.png">
      <Filter>资源文件</Filter>
    </Image>
    <Image Include="res\Snow06.png">
      <Filter>资源文件</Filter>
    </Image>
    <Image Include="res\Snow07.png">
      <Filter>资源文件</Filter>
    </Image>
    <Image Include="res\Snow08.png">
      <Filter>资源文件</Filter>
    </Image>
    <Image Include="res\Snow09.png">
      <Filter>资源文件</Filter>
    </Image>
    <Image Include="res\Snow10.png">
      <Filter>资源文件</Filter>
    </Image>
    <Image Include="res\Snow11.png">
      <Filter>资源文件</Filter>
    </Image>
    <Image Include="res\Snow12.png">
      <Filter>资源文件</Filter>
    </Image>
  </ItemGroup>
  <ItemGroup>
    <ResourceCompile Include="AnimationShow.rc">
      <Filter>资源文件</Filter>
    </ResourceCompile>
  </ItemGroup>
  <ItemGroup>
    <None Include="res\AnimationShow.rc2">
      <Filter>资源文件</Filter>
    </None>
  </ItemGroup>
  <ItemGroup>
    <Text Include="ReadMe.txt" />
  </ItemGroup>
</Project>